version: 1
files:
  messages/en.json:
    Header.signOut: 375e08625a2c38089b9e3a60f0e68325
    Header.home: 8cf04a9734132302f96da8e113e80ce5
    Header.creator: ef1d00d8a237a1bbe431e1091f5715fb
    Header.asset: 26e9054be7f40079575582b7ad3f7363
    Header.dataBridge: 19bb5752d665b64761e3a47b065346c7
    Header.marketPlace: cc50be8368055ce40af5f926b8ba5eef
    selector.label: 4994a8ffeba4ac3140beb89e8d41f174
    selector.en: 78463a384a5aa4fad5fa73e2f506ecfc
    selector.zh-CN: d688a3a4d07d16ac647e799e472bff2e
    selector.zh-HK: 407fdbe570e13c9b14edec33bc8ded02
    HomePage.title: bc100242d513fdc9cd5d5652a50965eb
    HomePage.description: 633e7916eec10c24fda54e8a596e18d4
    signInPage.errors.invalidEmail: 59e4904d4366fab35a8282f418e699de
    signInPage.errors.passwordTooShort: 82c7fd48bcdfa47995cb13a91c84c52f
    signInPage.card.title: 15cb3b43610751d8b2e241abfba63e10
    signInPage.card.description: dffc023a39b961ea424d84bfcaa35ecf
    signInPage.card.email: ce8ae9da5b7cd6c3df2929543a9af92d
    signInPage.card.password: dc647eb65e6711e155375218212b3964
    signInPage.card.signIn: f2fdea440d768b85591e936a803c3631
    signInPage.card.signUp: d67850bd126f070221dcfd5fa6317043
    signInPage.card.dontHaveAccount: a5f61298da21626d0f490ebd06ecd811
    signUpPage.errors.invalidEmail: 59e4904d4366fab35a8282f418e699de
    signUpPage.errors.passwordTooShort: 82c7fd48bcdfa47995cb13a91c84c52f
    signUpPage.errors.usernameTooShort: 59dbf68412ab7ebaaed5ed89bedee9b0
    signUpPage.errors.usernameTooLong: cb92f61dfe3d8ec23056fff56afd7bb8
    signUpPage.errors.passwordsDontMatch: e2ba330f230333cf40ad533366d9f1ce
    signUpPage.card.title: 2fdfd506efea08144c0794c32ca8250a
    signUpPage.card.description: 3e818544e1527f3b77ecfb640980baf5
    signUpPage.card.username: f6039d44b29456b20f8f373155ae4973
    signUpPage.card.email: ce8ae9da5b7cd6c3df2929543a9af92d
    signUpPage.card.password: dc647eb65e6711e155375218212b3964
    signUpPage.card.confirmPassword: 887f7db126221fe60d18c895d41dc8f6
    signUpPage.card.signUp: d67850bd126f070221dcfd5fa6317043
    signUpPage.card.alreadyHaveAccount: 21bdc5689c12595ae14298354d5550d5
    signUpPage.card.signIn: f2fdea440d768b85591e936a803c3631
